{
  "name": "com.knowledgebase",
  "lockfileVersion": 3,
  "requires": true,
  "packages": {
    "": {
      "dependencies": {
        "@inkbox/cli": "^0.2.10"
      }
    },
    "node_modules/@inkbox/cli": {
      "version": "0.2.10",
      "resolved": "https://registry.npmjs.org/@inkbox/cli/-/cli-0.2.10.tgz",
      "integrity": "sha512-SuL6KkdVqNnLHfL3b4+0ZIZgjnk0vnwk6vP2bEsmcMfz9nsrjHu81Z3sj8ZpA21++JA1/urZHfy+7w7YhpYsAA==",
      "license": "MIT",
      "dependencies": {
        "@inkbox/sdk": "^0.2.10",
        "commander": "^13.0.0"
      },
      "bin": {
        "inkbox": "dist/index.js"
      },
      "engines": {
        "node": ">=18"
      }
    },
    "node_modules/@inkbox/sdk": {
      "version": "0.2.10",
      "resolved": "https://registry.npmjs.org/@inkbox/sdk/-/sdk-0.2.10.tgz",
      "integrity": "sha512-G1tRGEi05lG9N62fvUmP9W4Rp/jmkJSsCzQduQ5yInSq23KN4Fw9Fl9oz05mFUmUnz+471EXoSVxCeJAjDwSgw==",
      "license": "MIT",
      "dependencies": {
        "hash-wasm": "^4.11.0"
      },
      "engines": {
        "node": ">=18"
      }
    },
    "node_modules/commander": {
      "version": "13.1.0",
      "resolved": "https://registry.npmjs.org/commander/-/commander-13.1.0.tgz",
      "integrity": "sha512-/rFeCpNJQbhSZjGVwO9RFV3xPqbnERS8MmIQzCtD/zl6gpJuV/bMLuN92oG3F7d8oDEHHRrujSXNUr8fpjntKw==",
      "license": "MIT",
      "engines": {
        "node": ">=18"
      }
    },
    "node_modules/hash-wasm": {
      "version": "4.12.0",
      "resolved": "https://registry.npmjs.org/hash-wasm/-/hash-wasm-4.12.0.tgz",
      "integrity": "sha512-+/2B2rYLb48I/evdOIhP+K/DD2ca2fgBjp6O+GBEnCDk2e4rpeXIK8GvIyRPjTezgmWn9gmKwkQjjx6BtqDHVQ==",
      "license": "MIT"
    }
  }
}
